
Microsoft Visual Studio Solution File, Format Version 12.00
# Visual Studio 15
VisualStudioVersion = 15.0.26730.12
MinimumVisualStudioVersion = 10.0.40219.1
Project("{FAE04EC0-301F-11D3-BF4B-00C04F79EFBC}") = "MaterialCollector", "MaterialCollector\MaterialCollector.csproj", "{4019A954-84C2-4DD2-97F2-BE0665433344}"
EndProject
Project("{FAE04EC0-301F-11D3-BF4B-00C04F79EFBC}") = "DbService", "DbService\DbService.csproj", "{7004D305-65C9-4464-94D5-14C8EB25C1C1}"
EndProject
Global
	GlobalSection(SolutionConfigurationPlatforms) = preSolution
		Debug|Any CPU = Debug|Any CPU
		Debug|ARM = Debug|ARM
		Debug|x64 = Debug|x64
		Debug|x86 = Debug|x86
		Release|Any CPU = Release|Any CPU
		Release|ARM = Release|ARM
		Release|x64 = Release|x64
		Release|x86 = Release|x86
	EndGlobalSection
	GlobalSection(ProjectConfigurationPlatforms) = postSolution
		{4019A954-84C2-4DD2-97F2-BE0665433344}.Debug|Any CPU.ActiveCfg = Debug|Any CPU
		{4019A954-84C2-4DD2-97F2-BE0665433344}.Debug|Any CPU.Build.0 = Debug|Any CPU
		{4019A954-84C2-4DD2-97F2-BE0665433344}.Debug|ARM.ActiveCfg = Debug|Any CPU
		{4019A954-84C2-4DD2-97F2-BE0665433344}.Debug|ARM.Build.0 = Debug|Any CPU
		{4019A954-84C2-4DD2-97F2-BE0665433344}.Debug|x64.ActiveCfg = Debug|Any CPU
		{4019A954-84C2-4DD2-97F2-BE0665433344}.Debug|x64.Build.0 = Debug|Any CPU
		{4019A954-84C2-4DD2-97F2-BE0665433344}.Debug|x86.ActiveCfg = Debug|Any CPU
		{4019A954-84C2-4DD2-97F2-BE0665433344}.Debug|x86.Build.0 = Debug|Any CPU
		{4019A954-84C2-4DD2-97F2-BE0665433344}.Release|Any CPU.ActiveCfg = Release|Any CPU
		{4019A954-84C2-4DD2-97F2-BE0665433344}.Release|Any CPU.Build.0 = Release|Any CPU
		{4019A954-84C2-4DD2-97F2-BE0665433344}.Release|ARM.ActiveCfg = Release|Any CPU
		{4019A954-84C2-4DD2-97F2-BE0665433344}.Release|ARM.Build.0 = Release|Any CPU
		{4019A954-84C2-4DD2-97F2-BE0665433344}.Release|x64.ActiveCfg = Release|Any CPU
		{4019A954-84C2-4DD2-97F2-BE0665433344}.Release|x64.Build.0 = Release|Any CPU
		{4019A954-84C2-4DD2-97F2-BE0665433344}.Release|x86.ActiveCfg = Release|Any CPU
		{4019A954-84C2-4DD2-97F2-BE0665433344}.Release|x86.Build.0 = Release|Any CPU
		{7004D305-65C9-4464-94D5-14C8EB25C1C1}.Debug|Any CPU.ActiveCfg = Debug|Any CPU
		{7004D305-65C9-4464-94D5-14C8EB25C1C1}.Debug|Any CPU.Build.0 = Debug|Any CPU
		{7004D305-65C9-4464-94D5-14C8EB25C1C1}.Debug|ARM.ActiveCfg = Debug|Any CPU
		{7004D305-65C9-4464-94D5-14C8EB25C1C1}.Debug|ARM.Build.0 = Debug|Any CPU
		{7004D305-65C9-4464-94D5-14C8EB25C1C1}.Debug|x64.ActiveCfg = Debug|Any CPU
		{7004D305-65C9-4464-94D5-14C8EB25C1C1}.Debug|x64.Build.0 = Debug|Any CPU
		{7004D305-65C9-4464-94D5-14C8EB25C1C1}.Debug|x86.ActiveCfg = Debug|Any CPU
		{7004D305-65C9-4464-94D5-14C8EB25C1C1}.Debug|x86.Build.0 = Debug|Any CPU
		{7004D305-65C9-4464-94D5-14C8EB25C1C1}.Release|Any CPU.ActiveCfg = Release|Any CPU
		{7004D305-65C9-4464-94D5-14C8EB25C1C1}.Release|Any CPU.Build.0 = Release|Any CPU
		{7004D305-65C9-4464-94D5-14C8EB25C1C1}.Release|ARM.ActiveCfg = Release|Any CPU
		{7004D305-65C9-4464-94D5-14C8EB25C1C1}.Release|ARM.Build.0 = Release|Any CPU
		{7004D305-65C9-4464-94D5-14C8EB25C1C1}.Release|x64.ActiveCfg = Release|Any CPU
		{7004D305-65C9-4464-94D5-14C8EB25C1C1}.Release|x64.Build.0 = Release|Any CPU
		{7004D305-65C9-4464-94D5-14C8EB25C1C1}.Release|x86.ActiveCfg = Release|Any CPU
		{7004D305-65C9-4464-94D5-14C8EB25C1C1}.Release|x86.Build.0 = Release|Any CPU
	EndGlobalSection
	GlobalSection(SolutionProperties) = preSolution
		HideSolutionNode = FALSE
	EndGlobalSection
	GlobalSection(ExtensibilityGlobals) = postSolution
		SolutionGuid = {7AFEA456-4223-4ACA-8071-A7C480A2B501}
	EndGlobalSection
EndGlobal
